# This file is automatically @generated by Cargo.
# It is not intended for manual editing.
version = 4

[[package]]
name = "batching-scheduler"
version = "0.1.0"
dependencies = [
 "kslab",
]

[[package]]
name = "bpe-tokenizer"
version = "0.1.0"
dependencies = [
 "kslab",
]

[[package]]
name = "kslab"
version = "0.1.0"

[[package]]
name = "kv-block-manager"
version = "0.1.0"
dependencies = [
 "kslab",
]

[[package]]
name = "mpmc-queue"
version = "0.1.0"
dependencies = [
 "kslab",
]

[[package]]
name = "rust-allocator"
version = "0.1.0"
dependencies = [
 "kslab",
]

[[package]]
name = "toy-executor"
version = "0.1.0"
dependencies = [
 "kslab",
]
